# THIS IS AN AUTOGENERATED FILE. DO NOT EDIT THIS FILE DIRECTLY.
# yarn lockfile v1


"@stamp/arg-over-prop@^1.0.4":
  version "1.0.4"
  resolved "https://registry.yarnpkg.com/@stamp/arg-over-prop/-/arg-over-prop-1.0.4.tgz#dd2dbf67beb9880d43f7d52c30232c97b968f462"
  integrity sha512-+rrLW7GxSpp7hy96ta0ivVnFsdPmUUqkD6X5ZDrHg8M2YXpXfiTdlGqmA3PMEA181Dqa683qhkY/u0GUmGLsRQ==
  dependencies:
    "@stamp/compose" "^1.0.2"
    "@stamp/core" "^1.0.1"
    "@stamp/is" "^1.0.0"

"@stamp/compose@^1.0.2":
  version "1.0.2"
  resolved "https://registry.yarnpkg.com/@stamp/compose/-/compose-1.0.2.tgz#030ecf70e8f3dca042a2b34a15d6dc28fb07f9c6"
  integrity sha512-TW1/jTGesxfkFRZUNTgQ9r4Ln6YaIArZmi836o21szc8z+gxrIWrYAtI4r9LfxeD9tnTymAjB1TtvJ19OYFo3Q==
  dependencies:
    "@stamp/core" "^1.0.1"
    "@stamp/is" "^1.0.0"

"@stamp/core@^1.0.1":
  version "1.0.1"
  resolved "https://registry.yarnpkg.com/@stamp/core/-/core-1.0.1.tgz#4573e425db48720db52f78590dfe88a3873ffd98"
  integrity sha512-oZMdU17ZgUJOHHtHXXTb4afmGKpH2kNFfXYpkd3Scs3U+1ygyqFQrpzo/F2qrnEHJOXfvBafyvA/2u4Pdm+R9g==
  dependencies:
    "@stamp/is" "^1.0.0"

"@stamp/is@^1.0.0":
  version "1.0.0"
  resolved "https://registry.yarnpkg.com/@stamp/is/-/is-1.0.0.tgz#edf031a3b43ee1f07e7b74bfbd837c82980eb25a"
  integrity sha1-7fAxo7Q+4fB+e3S/vYN8gpgOslo=

"@stamp/it@^1.1.0":
  version "1.1.0"
  resolved "https://registry.yarnpkg.com/@stamp/it/-/it-1.1.0.tgz#9e8fc2347bb0a830aa24716fff4a22bb24b3cd49"
  integrity sha512-xhNHGQwPwSPm96yHpkU7DGWiKfiqhZueOvqpv8P6U0eWRVgz3bbthf9nGqjyynUmQC8S7Qekfp6IWniPHwivbg==
  dependencies:
    "@stamp/compose" "^1.0.2"
    "@stamp/core" "^1.0.1"
    "@stamp/is" "^1.0.0"
    "@stamp/shortcut" "^1.0.2"

"@stamp/shortcut@^1.0.2":
  version "1.0.2"
  resolved "https://registry.yarnpkg.com/@stamp/shortcut/-/shortcut-1.0.2.tgz#31326726329a46ec3b9a0984651d7ddb141976b7"
  integrity sha512-waC10TO4rK/nG3YX717nqQVyVkjaH3f8bu/H0vvtCZJo8805aI5WHTefQei3G5A3vdq3nt8TDfCBqfyWXZZFSg==
  dependencies:
    "@stamp/compose" "^1.0.2"

lodash@^4.7.0:
  version "4.17.15"
  resolved "https://registry.yarnpkg.com/lodash/-/lodash-4.17.15.tgz#b447f6670a0455bbfeedd11392eff330ea097548"
  integrity sha512-8xOcRHvCjnocdS5cpwXQXVzmmh5e5+saE2QGoeQmbKmRS6J3VQppPOIt0MnmE+4xlZoumy0GPG0D0MVIQbNA1A==
